
Microsoft Visual Studio Solution File, Format Version 12.00
# Visual Studio Version 16
VisualStudioVersion = 16.0.29926.136
MinimumVisualStudioVersion = 10.0.40219.1
Project("{9A19103F-16F7-4668-BE54-9A1E7A4F7556}") = "BoardSharp", "BoardSharp\BoardSharp.csproj", "{8151F6AE-8467-4B19-8290-611C8942FD65}"
EndProject
Project("{FAE04EC0-301F-11D3-BF4B-00C04F79EFBC}") = "BoardSharpAPI", "BoardSharpAPI\BoardSharpAPI.csproj", "{B4F9918A-F906-4C4E-B364-6CF3C0FEBAA4}"
EndProject
Global
	GlobalSection(SolutionConfigurationPlatforms) = preSolution
		Debug|Any CPU = Debug|Any CPU
		Release|Any CPU = Release|Any CPU
	EndGlobalSection
	GlobalSection(ProjectConfigurationPlatforms) = postSolution
		{8151F6AE-8467-4B19-8290-611C8942FD65}.Debug|Any CPU.ActiveCfg = Debug|Any CPU
		{8151F6AE-8467-4B19-8290-611C8942FD65}.Debug|Any CPU.Build.0 = Debug|Any CPU
		{8151F6AE-8467-4B19-8290-611C8942FD65}.Release|Any CPU.ActiveCfg = Release|Any CPU
		{8151F6AE-8467-4B19-8290-611C8942FD65}.Release|Any CPU.Build.0 = Release|Any CPU
		{B4F9918A-F906-4C4E-B364-6CF3C0FEBAA4}.Debug|Any CPU.ActiveCfg = Debug|Any CPU
		{B4F9918A-F906-4C4E-B364-6CF3C0FEBAA4}.Debug|Any CPU.Build.0 = Debug|Any CPU
		{B4F9918A-F906-4C4E-B364-6CF3C0FEBAA4}.Release|Any CPU.ActiveCfg = Release|Any CPU
		{B4F9918A-F906-4C4E-B364-6CF3C0FEBAA4}.Release|Any CPU.Build.0 = Release|Any CPU
	EndGlobalSection
	GlobalSection(SolutionProperties) = preSolution
		HideSolutionNode = FALSE
	EndGlobalSection
	GlobalSection(ExtensibilityGlobals) = postSolution
		SolutionGuid = {206C796C-8DBC-41D1-979D-84F4CBF8D3F4}
	EndGlobalSection
EndGlobal
